
Microsoft Visual Studio Solution File, Format Version 12.00
# Visual Studio 15
VisualStudioVersion = 15.0.27703.2042
MinimumVisualStudioVersion = 10.0.40219.1
Project("{FAE04EC0-301F-11D3-BF4B-00C04F79EFBC}") = "FindWorker_App.Android", "FindWorker_App\FindWorker_App.Android\FindWorker_App.Android.csproj", "{E2B21C04-3B04-48EF-9491-C9453B15B3B2}"
EndProject
Project("{FAE04EC0-301F-11D3-BF4B-00C04F79EFBC}") = "FindWorker_App.iOS", "FindWorker_App\FindWorker_App.iOS\FindWorker_App.iOS.csproj", "{037C2CE1-2A62-4008-8B86-670374F5A750}"
EndProject
Project("{FAE04EC0-301F-11D3-BF4B-00C04F79EFBC}") = "FindWorker_App", "FindWorker_App\FindWorker_App\FindWorker_App.csproj", "{FC535904-EE09-45C4-85E4-F70E0E384F15}"
EndProject
Global
	GlobalSection(SolutionConfigurationPlatforms) = preSolution
		Ad-Hoc|Any CPU = Ad-Hoc|Any CPU
		Ad-Hoc|iPhone = Ad-Hoc|iPhone
		Ad-Hoc|iPhoneSimulator = Ad-Hoc|iPhoneSimulator
		AppStore|Any CPU = AppStore|Any CPU
		AppStore|iPhone = AppStore|iPhone
		AppStore|iPhoneSimulator = AppStore|iPhoneSimulator
		Debug|Any CPU = Debug|Any CPU
		Debug|iPhone = Debug|iPhone
		Debug|iPhoneSimulator = Debug|iPhoneSimulator
		Release|Any CPU = Release|Any CPU
		Release|iPhone = Release|iPhone
		Release|iPhoneSimulator = Release|iPhoneSimulator
	EndGlobalSection
	GlobalSection(ProjectConfigurationPlatforms) = postSolution
		{E2B21C04-3B04-48EF-9491-C9453B15B3B2}.Ad-Hoc|Any CPU.ActiveCfg = Release|Any CPU
		{E2B21C04-3B04-48EF-9491-C9453B15B3B2}.Ad-Hoc|Any CPU.Build.0 = Release|Any CPU
		{E2B21C04-3B04-48EF-9491-C9453B15B3B2}.Ad-Hoc|Any CPU.Deploy.0 = Release|Any CPU
		{E2B21C04-3B04-48EF-9491-C9453B15B3B2}.Ad-Hoc|iPhone.ActiveCfg = Release|Any CPU
		{E2B21C04-3B04-48EF-9491-C9453B15B3B2}.Ad-Hoc|iPhone.Build.0 = Release|Any CPU
		{E2B21C04-3B04-48EF-9491-C9453B15B3B2}.Ad-Hoc|iPhone.Deploy.0 = Release|Any CPU
		{E2B21C04-3B04-48EF-9491-C9453B15B3B2}.Ad-Hoc|iPhoneSimulator.ActiveCfg = Release|Any CPU
		{E2B21C04-3B04-48EF-9491-C9453B15B3B2}.Ad-Hoc|iPhoneSimulator.Build.0 = Release|Any CPU
		{E2B21C04-3B04-48EF-9491-C9453B15B3B2}.Ad-Hoc|iPhoneSimulator.Deploy.0 = Release|Any CPU
		{E2B21C04-3B04-48EF-9491-C9453B15B3B2}.AppStore|Any CPU.ActiveCfg = Release|Any CPU
		{E2B21C04-3B04-48EF-9491-C9453B15B3B2}.AppStore|Any CPU.Build.0 = Release|Any CPU
		{E2B21C04-3B04-48EF-9491-C9453B15B3B2}.AppStore|Any CPU.Deploy.0 = Release|Any CPU
		{E2B21C04-3B04-48EF-9491-C9453B15B3B2}.AppStore|iPhone.ActiveCfg = Release|Any CPU
		{E2B21C04-3B04-48EF-9491-C9453B15B3B2}.AppStore|iPhone.Build.0 = Release|Any CPU
		{E2B21C04-3B04-48EF-9491-C9453B15B3B2}.AppStore|iPhone.Deploy.0 = Release|Any CPU
		{E2B21C04-3B04-48EF-9491-C9453B15B3B2}.AppStore|iPhoneSimulator.ActiveCfg = Release|Any CPU
		{E2B21C04-3B04-48EF-9491-C9453B15B3B2}.AppStore|iPhoneSimulator.Build.0 = Release|Any CPU
		{E2B21C04-3B04-48EF-9491-C9453B15B3B2}.AppStore|iPhoneSimulator.Deploy.0 = Release|Any CPU
		{E2B21C04-3B04-48EF-9491-C9453B15B3B2}.Debug|Any CPU.ActiveCfg = Debug|Any CPU
		{E2B21C04-3B04-48EF-9491-C9453B15B3B2}.Debug|Any CPU.Build.0 = Debug|Any CPU
		{E2B21C04-3B04-48EF-9491-C9453B15B3B2}.Debug|Any CPU.Deploy.0 = Debug|Any CPU
		{E2B21C04-3B04-48EF-9491-C9453B15B3B2}.Debug|iPhone.ActiveCfg = Debug|Any CPU
		{E2B21C04-3B04-48EF-9491-C9453B15B3B2}.Debug|iPhone.Build.0 = Debug|Any CPU
		{E2B21C04-3B04-48EF-9491-C9453B15B3B2}.Debug|iPhone.Deploy.0 = Debug|Any CPU
		{E2B21C04-3B04-48EF-9491-C9453B15B3B2}.Debug|iPhoneSimulator.ActiveCfg = Debug|Any CPU
		{E2B21C04-3B04-48EF-9491-C9453B15B3B2}.Debug|iPhoneSimulator.Build.0 = Debug|Any CPU
		{E2B21C04-3B04-48EF-9491-C9453B15B3B2}.Debug|iPhoneSimulator.Deploy.0 = Debug|Any CPU
		{E2B21C04-3B04-48EF-9491-C9453B15B3B2}.Release|Any CPU.ActiveCfg = Release|Any CPU
		{E2B21C04-3B04-48EF-9491-C9453B15B3B2}.Release|Any CPU.Build.0 = Release|Any CPU
		{E2B21C04-3B04-48EF-9491-C9453B15B3B2}.Release|Any CPU.Deploy.0 = Release|Any CPU
		{E2B21C04-3B04-48EF-9491-C9453B15B3B2}.Release|iPhone.ActiveCfg = Release|Any CPU
		{E2B21C04-3B04-48EF-9491-C9453B15B3B2}.Release|iPhone.Build.0 = Release|Any CPU
		{E2B21C04-3B04-48EF-9491-C9453B15B3B2}.Release|iPhone.Deploy.0 = Release|Any CPU
		{E2B21C04-3B04-48EF-9491-C9453B15B3B2}.Release|iPhoneSimulator.ActiveCfg = Release|Any CPU
		{E2B21C04-3B04-48EF-9491-C9453B15B3B2}.Release|iPhoneSimulator.Build.0 = Release|Any CPU
		{E2B21C04-3B04-48EF-9491-C9453B15B3B2}.Release|iPhoneSimulator.Deploy.0 = Release|Any CPU
		{037C2CE1-2A62-4008-8B86-670374F5A750}.Ad-Hoc|Any CPU.ActiveCfg = Ad-Hoc|iPhone
		{037C2CE1-2A62-4008-8B86-670374F5A750}.Ad-Hoc|Any CPU.Build.0 = Ad-Hoc|iPhone
		{037C2CE1-2A62-4008-8B86-670374F5A750}.Ad-Hoc|Any CPU.Deploy.0 = Ad-Hoc|iPhone
		{037C2CE1-2A62-4008-8B86-670374F5A750}.Ad-Hoc|iPhone.ActiveCfg = Ad-Hoc|iPhone
		{037C2CE1-2A62-4008-8B86-670374F5A750}.Ad-Hoc|iPhone.Build.0 = Ad-Hoc|iPhone
		{037C2CE1-2A62-4008-8B86-670374F5A750}.Ad-Hoc|iPhone.Deploy.0 = Ad-Hoc|iPhone
		{037C2CE1-2A62-4008-8B86-670374F5A750}.Ad-Hoc|iPhoneSimulator.ActiveCfg = Ad-Hoc|iPhoneSimulator
		{037C2CE1-2A62-4008-8B86-670374F5A750}.Ad-Hoc|iPhoneSimulator.Build.0 = Ad-Hoc|iPhoneSimulator
		{037C2CE1-2A62-4008-8B86-670374F5A750}.Ad-Hoc|iPhoneSimulator.Deploy.0 = Ad-Hoc|iPhoneSimulator
		{037C2CE1-2A62-4008-8B86-670374F5A750}.AppStore|Any CPU.ActiveCfg = AppStore|iPhone
		{037C2CE1-2A62-4008-8B86-670374F5A750}.AppStore|Any CPU.Build.0 = AppStore|iPhone
		{037C2CE1-2A62-4008-8B86-670374F5A750}.AppStore|Any CPU.Deploy.0 = AppStore|iPhone
		{037C2CE1-2A62-4008-8B86-670374F5A750}.AppStore|iPhone.ActiveCfg = AppStore|iPhone
		{037C2CE1-2A62-4008-8B86-670374F5A750}.AppStore|iPhone.Build.0 = AppStore|iPhone
		{037C2CE1-2A62-4008-8B86-670374F5A750}.AppStore|iPhone.Deploy.0 = AppStore|iPhone
		{037C2CE1-2A62-4008-8B86-670374F5A750}.AppStore|iPhoneSimulator.ActiveCfg = AppStore|iPhoneSimulator
		{037C2CE1-2A62-4008-8B86-670374F5A750}.AppStore|iPhoneSimulator.Build.0 = AppStore|iPhoneSimulator
		{037C2CE1-2A62-4008-8B86-670374F5A750}.AppStore|iPhoneSimulator.Deploy.0 = AppStore|iPhoneSimulator
		{037C2CE1-2A62-4008-8B86-670374F5A750}.Debug|Any CPU.ActiveCfg = Debug|iPhoneSimulator
		{037C2CE1-2A62-4008-8B86-670374F5A750}.Debug|Any CPU.Build.0 = Debug|iPhoneSimulator
		{037C2CE1-2A62-4008-8B86-670374F5A750}.Debug|Any CPU.Deploy.0 = Debug|iPhoneSimulator
		{037C2CE1-2A62-4008-8B86-670374F5A750}.Debug|iPhone.ActiveCfg = Debug|iPhone
		{037C2CE1-2A62-4008-8B86-670374F5A750}.Debug|iPhone.Build.0 = Debug|iPhone
		{037C2CE1-2A62-4008-8B86-670374F5A750}.Debug|iPhone.Deploy.0 = Debug|iPhone
		{037C2CE1-2A62-4008-8B86-670374F5A750}.Debug|iPhoneSimulator.ActiveCfg = Debug|iPhoneSimulator
		{037C2CE1-2A62-4008-8B86-670374F5A750}.Debug|iPhoneSimulator.Build.0 = Debug|iPhoneSimulator
		{037C2CE1-2A62-4008-8B86-670374F5A750}.Debug|iPhoneSimulator.Deploy.0 = Debug|iPhoneSimulator
		{037C2CE1-2A62-4008-8B86-670374F5A750}.Release|Any CPU.ActiveCfg = Release|iPhone
		{037C2CE1-2A62-4008-8B86-670374F5A750}.Release|Any CPU.Build.0 = Release|iPhone
		{037C2CE1-2A62-4008-8B86-670374F5A750}.Release|Any CPU.Deploy.0 = Release|iPhone
		{037C2CE1-2A62-4008-8B86-670374F5A750}.Release|iPhone.ActiveCfg = Release|iPhone
		{037C2CE1-2A62-4008-8B86-670374F5A750}.Release|iPhone.Build.0 = Release|iPhone
		{037C2CE1-2A62-4008-8B86-670374F5A750}.Release|iPhone.Deploy.0 = Release|iPhone
		{037C2CE1-2A62-4008-8B86-670374F5A750}.Release|iPhoneSimulator.ActiveCfg = Release|iPhoneSimulator
		{037C2CE1-2A62-4008-8B86-670374F5A750}.Release|iPhoneSimulator.Build.0 = Release|iPhoneSimulator
		{037C2CE1-2A62-4008-8B86-670374F5A750}.Release|iPhoneSimulator.Deploy.0 = Release|iPhoneSimulator
		{FC535904-EE09-45C4-85E4-F70E0E384F15}.Ad-Hoc|Any CPU.ActiveCfg = Debug|Any CPU
		{FC535904-EE09-45C4-85E4-F70E0E384F15}.Ad-Hoc|Any CPU.Build.0 = Debug|Any CPU
		{FC535904-EE09-45C4-85E4-F70E0E384F15}.Ad-Hoc|Any CPU.Deploy.0 = Debug|Any CPU
		{FC535904-EE09-45C4-85E4-F70E0E384F15}.Ad-Hoc|iPhone.ActiveCfg = Debug|Any CPU
		{FC535904-EE09-45C4-85E4-F70E0E384F15}.Ad-Hoc|iPhone.Build.0 = Debug|Any CPU
		{FC535904-EE09-45C4-85E4-F70E0E384F15}.Ad-Hoc|iPhone.Deploy.0 = Debug|Any CPU
		{FC535904-EE09-45C4-85E4-F70E0E384F15}.Ad-Hoc|iPhoneSimulator.ActiveCfg = Debug|Any CPU
		{FC535904-EE09-45C4-85E4-F70E0E384F15}.Ad-Hoc|iPhoneSimulator.Build.0 = Debug|Any CPU
		{FC535904-EE09-45C4-85E4-F70E0E384F15}.Ad-Hoc|iPhoneSimulator.Deploy.0 = Debug|Any CPU
		{FC535904-EE09-45C4-85E4-F70E0E384F15}.AppStore|Any CPU.ActiveCfg = Debug|Any CPU
		{FC535904-EE09-45C4-85E4-F70E0E384F15}.AppStore|Any CPU.Build.0 = Debug|Any CPU
		{FC535904-EE09-45C4-85E4-F70E0E384F15}.AppStore|Any CPU.Deploy.0 = Debug|Any CPU
		{FC535904-EE09-45C4-85E4-F70E0E384F15}.AppStore|iPhone.ActiveCfg = Debug|Any CPU
		{FC535904-EE09-45C4-85E4-F70E0E384F15}.AppStore|iPhone.Build.0 = Debug|Any CPU
		{FC535904-EE09-45C4-85E4-F70E0E384F15}.AppStore|iPhone.Deploy.0 = Debug|Any CPU
		{FC535904-EE09-45C4-85E4-F70E0E384F15}.AppStore|iPhoneSimulator.ActiveCfg = Debug|Any CPU
		{FC535904-EE09-45C4-85E4-F70E0E384F15}.AppStore|iPhoneSimulator.Build.0 = Debug|Any CPU
		{FC535904-EE09-45C4-85E4-F70E0E384F15}.AppStore|iPhoneSimulator.Deploy.0 = Debug|Any CPU
		{FC535904-EE09-45C4-85E4-F70E0E384F15}.Debug|Any CPU.ActiveCfg = Debug|Any CPU
		{FC535904-EE09-45C4-85E4-F70E0E384F15}.Debug|Any CPU.Build.0 = Debug|Any CPU
		{FC535904-EE09-45C4-85E4-F70E0E384F15}.Debug|Any CPU.Deploy.0 = Debug|Any CPU
		{FC535904-EE09-45C4-85E4-F70E0E384F15}.Debug|iPhone.ActiveCfg = Debug|Any CPU
		{FC535904-EE09-45C4-85E4-F70E0E384F15}.Debug|iPhone.Build.0 = Debug|Any CPU
		{FC535904-EE09-45C4-85E4-F70E0E384F15}.Debug|iPhone.Deploy.0 = Debug|Any CPU
		{FC535904-EE09-45C4-85E4-F70E0E384F15}.Debug|iPhoneSimulator.ActiveCfg = Debug|Any CPU
		{FC535904-EE09-45C4-85E4-F70E0E384F15}.Debug|iPhoneSimulator.Build.0 = Debug|Any CPU
		{FC535904-EE09-45C4-85E4-F70E0E384F15}.Debug|iPhoneSimulator.Deploy.0 = Debug|Any CPU
		{FC535904-EE09-45C4-85E4-F70E0E384F15}.Release|Any CPU.ActiveCfg = Release|Any CPU
		{FC535904-EE09-45C4-85E4-F70E0E384F15}.Release|Any CPU.Build.0 = Release|Any CPU
		{FC535904-EE09-45C4-85E4-F70E0E384F15}.Release|Any CPU.Deploy.0 = Release|Any CPU
		{FC535904-EE09-45C4-85E4-F70E0E384F15}.Release|iPhone.ActiveCfg = Release|Any CPU
		{FC535904-EE09-45C4-85E4-F70E0E384F15}.Release|iPhone.Build.0 = Release|Any CPU
		{FC535904-EE09-45C4-85E4-F70E0E384F15}.Release|iPhone.Deploy.0 = Release|Any CPU
		{FC535904-EE09-45C4-85E4-F70E0E384F15}.Release|iPhoneSimulator.ActiveCfg = Release|Any CPU
		{FC535904-EE09-45C4-85E4-F70E0E384F15}.Release|iPhoneSimulator.Build.0 = Release|Any CPU
		{FC535904-EE09-45C4-85E4-F70E0E384F15}.Release|iPhoneSimulator.Deploy.0 = Release|Any CPU
	EndGlobalSection
	GlobalSection(SolutionProperties) = preSolution
		HideSolutionNode = FALSE
	EndGlobalSection
	GlobalSection(ExtensibilityGlobals) = postSolution
		SolutionGuid = {0A0B1605-777C-442C-BAFC-ED76E604735B}
	EndGlobalSection
EndGlobal
